{
  "nodes": {
    "android-nixpkgs": {
      "inputs": {
        "devshell": "devshell",
        "flake-utils": "flake-utils_2",
        "nixpkgs": "nixpkgs"
      },
      "locked": {
        "lastModified": 1705781728,
        "narHash": "sha256-7FBCjLHXFiWN44euZkp9xlvgxgsBLVJC3SGGwxbdVD4=",
        "owner": "tadfisher",
        "repo": "android-nixpkgs",
        "rev": "974b9a9fd58b94b8ff5dbabc2c271e1dec857fd2",
        "type": "github"
      },
      "original": {
        "owner": "tadfisher",
        "repo": "android-nixpkgs",
        "type": "github"
      }
    },
    "bab": {
      "inputs": {
        "flake-utils": "flake-utils_3",
        "nixpkgs": "nixpkgs_2"
      },
      "locked": {
        "lastModified": 1694100130,
        "narHash": "sha256-3xQgPgFNVtuftoYsUxtUTFu/P5ZzcIaRIrLwNs4xrBg=",
        "ref": "refs/heads/master",
        "rev": "8e98e366f7de0d8636a387ee857ead7cc8c1b646",
        "revCount": 6,
        "type": "git",
        "url": "https://codeberg.org/PapaTutuWawa/bits-and-bytes.git"
      },
      "original": {
        "type": "git",
        "url": "https://codeberg.org/PapaTutuWawa/bits-and-bytes.git"
      }
    },
    "devshell": {
      "inputs": {
        "flake-utils": "flake-utils",
        "nixpkgs": [
          "android-nixpkgs",
          "nixpkgs"
        ]
      },
      "locked": {
        "lastModified": 1705332421,
        "narHash": "sha256-USpGLPme1IuqG78JNqSaRabilwkCyHmVWY0M9vYyqEA=",
        "owner": "numtide",
        "repo": "devshell",
        "rev": "83cb93d6d063ad290beee669f4badf9914cc16ec",
        "type": "github"
      },
      "original": {
        "owner": "numtide",
        "repo": "devshell",
        "type": "github"
      }
    },
    "flake-utils": {
      "inputs": {
        "systems": "systems"
      },
      "locked": {
        "lastModified": 1701680307,
        "narHash": "sha256-kAuep2h5ajznlPMD9rnQyffWG8EM/C73lejGofXvdM8=",
        "owner": "numtide",
        "repo": "flake-utils",
        "rev": "4022d587cbbfd70fe950c1e2083a02621806a725",
        "type": "github"
      },
      "original": {
        "owner": "numtide",
        "repo": "flake-utils",
        "type": "github"
      }
    },
    "flake-utils_2": {
      "inputs": {
        "systems": "systems_2"
      },
      "locked": {
        "lastModified": 1705309234,
        "narHash": "sha256-uNRRNRKmJyCRC/8y1RqBkqWBLM034y4qN7EprSdmgyA=",
        "owner": "numtide",
        "repo": "flake-utils",
        "rev": "1ef2e671c3b0c19053962c07dbda38332dcebf26",
        "type": "github"
      },
      "original": {
        "owner": "numtide",
        "repo": "flake-utils",
        "type": "github"
      }
    },
    "flake-utils_3": {
      "inputs": {
        "systems": "systems_3"
      },
      "locked": {
        "lastModified": 1689068808,
        "narHash": "sha256-6ixXo3wt24N/melDWjq70UuHQLxGV8jZvooRanIHXw0=",
        "owner": "numtide",
        "repo": "flake-utils",
        "rev": "919d646de7be200f3bf08cb76ae1f09402b6f9b4",
        "type": "github"
      },
      "original": {
        "owner": "numtide",
        "repo": "flake-utils",
        "type": "github"
      }
    },
    "flake-utils_4": {
      "inputs": {
        "systems": "systems_4"
      },
      "locked": {
        "lastModified": 1692799911,
        "narHash": "sha256-3eihraek4qL744EvQXsK1Ha6C3CR7nnT8X2qWap4RNk=",
        "owner": "numtide",
        "repo": "flake-utils",
        "rev": "f9e7cf818399d17d347f847525c5a5a8032e4e44",
        "type": "github"
      },
      "original": {
        "owner": "numtide",
        "repo": "flake-utils",
        "type": "github"
      }
    },
    "nixpkgs": {
      "locked": {
        "lastModified": 1705496572,
        "narHash": "sha256-rPIe9G5EBLXdBdn9ilGc0nq082lzQd0xGGe092R/5QE=",
        "owner": "NixOS",
        "repo": "nixpkgs",
        "rev": "842d9d80cfd4560648c785f8a4e6f3b096790e19",
        "type": "github"
      },
      "original": {
        "owner": "NixOS",
        "ref": "nixos-unstable",
        "repo": "nixpkgs",
        "type": "github"
      }
    },
    "nixpkgs_2": {
      "locked": {
        "lastModified": 1689935543,
        "narHash": "sha256-6GQ9ib4dA/r1leC5VUpsBo0BmDvNxLjKrX1iyL+h8mc=",
        "owner": "NixOS",
        "repo": "nixpkgs",
        "rev": "e43e2448161c0a2c4928abec4e16eae1516571bc",
        "type": "github"
      },
      "original": {
        "owner": "NixOS",
        "ref": "nixpkgs-unstable",
        "repo": "nixpkgs",
        "type": "github"
      }
    },
    "nixpkgs_3": {
      "locked": {
        "lastModified": 1705697961,
        "narHash": "sha256-XepT3WS516evSFYkme3GrcI3+7uwXHqtHbip+t24J7E=",
        "owner": "NixOS",
        "repo": "nixpkgs",
        "rev": "e5d1c87f5813afde2dda384ac807c57a105721cc",
        "type": "github"
      },
      "original": {
        "owner": "NixOS",
        "ref": "nixpkgs-unstable",
        "repo": "nixpkgs",
        "type": "github"
      }
    },
    "root": {
      "inputs": {
        "android-nixpkgs": "android-nixpkgs",
        "bab": "bab",
        "flake-utils": "flake-utils_4",
        "nixpkgs": "nixpkgs_3"
      }
    },
    "systems": {
      "locked": {
        "lastModified": 1681028828,
        "narHash": "sha256-Vy1rq5AaRuLzOxct8nz4T6wlgyUR7zLU309k9mBC768=",
        "owner": "nix-systems",
        "repo": "default",
        "rev": "da67096a3b9bf56a91d16901293e51ba5b49a27e",
        "type": "github"
      },
      "original": {
        "owner": "nix-systems",
        "repo": "default",
        "type": "github"
      }
    },
    "systems_2": {
      "locked": {
        "lastModified": 1681028828,
        "narHash": "sha256-Vy1rq5AaRuLzOxct8nz4T6wlgyUR7zLU309k9mBC768=",
        "owner": "nix-systems",
        "repo": "default",
        "rev": "da67096a3b9bf56a91d16901293e51ba5b49a27e",
        "type": "github"
      },
      "original": {
        "owner": "nix-systems",
        "repo": "default",
        "type": "github"
      }
    },
    "systems_3": {
      "locked": {
        "lastModified": 1681028828,
        "narHash": "sha256-Vy1rq5AaRuLzOxct8nz4T6wlgyUR7zLU309k9mBC768=",
        "owner": "nix-systems",
        "repo": "default",
        "rev": "da67096a3b9bf56a91d16901293e51ba5b49a27e",
        "type": "github"
      },
      "original": {
        "owner": "nix-systems",
        "repo": "default",
        "type": "github"
      }
    },
    "systems_4": {
      "locked": {
        "lastModified": 1681028828,
        "narHash": "sha256-Vy1rq5AaRuLzOxct8nz4T6wlgyUR7zLU309k9mBC768=",
        "owner": "nix-systems",
        "repo": "default",
        "rev": "da67096a3b9bf56a91d16901293e51ba5b49a27e",
        "type": "github"
      },
      "original": {
        "owner": "nix-systems",
        "repo": "default",
        "type": "github"
      }
    }
  },
  "root": "root",
  "version": 7
}
