{
  "nodes": {
    "flake-utils": {
      "locked": {
        "lastModified": 1649676176,
        "narHash": "sha256-OWKJratjt2RW151VUlJPRALb7OU2S5s+f0vLj4o1bHM=",
        "owner": "numtide",
        "repo": "flake-utils",
        "rev": "a4b154ebbdc88c8498a5c7b01589addc9e9cb678",
        "type": "github"
      },
      "original": {
        "owner": "numtide",
        "repo": "flake-utils",
        "type": "github"
      }
    },
    "nixpkgs": {
      "locked": {
        "lastModified": 1657540956,
        "narHash": "sha256-ihGbOFWtAkENwxBE5kV/yWt2MncvW+BObLDsmxCLo/Q=",
        "owner": "NANASHI0X74",
        "repo": "nixpkgs",
        "rev": "043de04db8a6b0391b3fefaaade160514d866946",
        "type": "github"
      },
      "original": {
        "owner": "NANASHI0X74",
        "ref": "flutter-3-0-0",
        "repo": "nixpkgs",
        "type": "github"
      }
    },
    "root": {
      "inputs": {
        "flake-utils": "flake-utils",
        "nixpkgs": "nixpkgs"
      }
    }
  },
  "root": "root",
  "version": 7
}
